--only-binary :all:
--require-hashes

PyJWT==2.13.0 \
    --hash=sha256:66adcc2aff09b3f1bbd95fc1e1577df8ac8723c978552fd43304c8a290ac5728
cryptography==50.0.0 \
    --hash=sha256:06a32a980526a6ab9a4b9bf8f7385800791e2bb960903cb6b530e4817509a3b7
cffi==2.0.0 \
    --hash=sha256:3e17ed538242334bf70832644a32a7aae3d83b57567f9fd60a26257e992b79ba
pycparser==2.23 \
    --hash=sha256:e5c6e8d3fbad53479cab09ac03729e0a9faf2bee3db8208a550daf5af81a5934
gunicorn==23.0.0 \
    --hash=sha256:ec400d38950de4dfd418cff8328b2c8faed0edb0d517d3394e457c317908ca4d
packaging==24.2 \
    --hash=sha256:09abb1bccd265c01f4a3aa3f7a7db064b36514d2cba19a2f694fe6150451a759
